{"1.2.0",
[{<<"cowboy">>,{pkg,<<"cowboy">>,<<"2.1.0">>},1},
 {<<"cowlib">>,{pkg,<<"cowlib">>,<<"2.0.1">>},2},
 {<<"jsx">>,{pkg,<<"jsx">>,<<"3.1.0">>},0},
 {<<"meck">>,{pkg,<<"meck">>,<<"0.9.2">>},0},
 {<<"opentelemetry_api">>,{pkg,<<"opentelemetry_api">>,<<"1.2.1">>},0},
 {<<"opentelemetry_semantic_conventions">>,
  {pkg,<<"opentelemetry_semantic_conventions">>,<<"0.2.0">>},
  1},
 {<<"ranch">>,{pkg,<<"ranch">>,<<"1.4.0">>},1},
 {<<"trails">>,{pkg,<<"trails">>,<<"2.0.0">>},0}]}.
[
{pkg_hash,[
 {<<"cowboy">>, <<"69F9DB3B23C24AB6B3A169A6357130C16B39CDA1A1F8C582F818883EE552589D">>},
 {<<"cowlib">>, <<"4DFFFB1DB296EAB9F2E8B95EE3017007F674BC920CE30AEB5A53BBDA82FC38C0">>},
 {<<"jsx">>, <<"D12516BAA0BB23A59BB35DCCAF02A1BD08243FCBB9EFE24F2D9D056CCFF71268">>},
 {<<"meck">>, <<"85CCBAB053F1DB86C7CA240E9FC718170EE5BDA03810A6292B5306BF31BAE5F5">>},
 {<<"opentelemetry_api">>, <<"7B69ED4F40025C005DE0B74FCE8C0549625D59CB4DF12D15C32FE6DC5076FF42">>},
 {<<"opentelemetry_semantic_conventions">>, <<"B67FE459C2938FCAB341CB0951C44860C62347C005ACE1B50F8402576F241435">>},
 {<<"ranch">>, <<"10272F95DA79340FA7E8774BA7930B901713D272905D0012B06CA6D994F8826B">>},
 {<<"trails">>, <<"40125994045FBDB07909D0778E12004B3B7722E25AAE292EC83019630BA66E7E">>}]},
{pkg_hash_ext,[
 {<<"cowboy">>, <<"F99FD9ED8EC5A1F715DC36EA836832FCF59EA1DF8A14098436ACB8722619BB99">>},
 {<<"cowlib">>, <<"0D74161B7F5C0FFAF390C5F59D2267A504A095F275C722E221716472C80CAAEA">>},
 {<<"jsx">>, <<"0C5CC8FDC11B53CC25CF65AC6705AD39E54ECC56D1C22E4ADB8F5A53FB9427F3">>},
 {<<"meck">>, <<"81344F561357DC40A8344AFA53767C32669153355B626EA9FCBC8DA6B3045826">>},
 {<<"opentelemetry_api">>, <<"6D7A27B7CAD2AD69A09CABF6670514CAFCEC717C8441BEB5C96322BAC3D05350">>},
 {<<"opentelemetry_semantic_conventions">>, <<"D61FA1F5639EE8668D74B527E6806E0503EFC55A42DB7B5F39939D84C07D6895">>},
 {<<"ranch">>, <<"53AD9C80918EA2B6D11E0C225D4396473C288D02C44C9CA5EB0AA2E1C85FECBA">>},
 {<<"trails">>, <<"7716EF6BC17C945C726F997D3859FED88EF40954D705FC7E68F3A3BB43329EBD">>}]}
].
